
Microsoft Visual Studio Solution File, Format Version 12.00
# Visual Studio Version 17
VisualStudioVersion = 17.11.35312.102
MinimumVisualStudioVersion = 10.0.40219.1
Project("{FAE04EC0-301F-11D3-BF4B-00C04F79EFBC}") = "todolist", "todolist\todolist.csproj", "{5FE669FA-8EEB-41C3-912D-973CA7181F1E}"
EndProject
Global
	GlobalSection(SolutionConfigurationPlatforms) = preSolution
		Debug|Any CPU = Debug|Any CPU
		Release|Any CPU = Release|Any CPU
	EndGlobalSection
	GlobalSection(ProjectConfigurationPlatforms) = postSolution
		{5FE669FA-8EEB-41C3-912D-973CA7181F1E}.Debug|Any CPU.ActiveCfg = Debug|Any CPU
		{5FE669FA-8EEB-41C3-912D-973CA7181F1E}.Debug|Any CPU.Build.0 = Debug|Any CPU
		{5FE669FA-8EEB-41C3-912D-973CA7181F1E}.Release|Any CPU.ActiveCfg = Release|Any CPU
		{5FE669FA-8EEB-41C3-912D-973CA7181F1E}.Release|Any CPU.Build.0 = Release|Any CPU
	EndGlobalSection
	GlobalSection(SolutionProperties) = preSolution
		HideSolutionNode = FALSE
	EndGlobalSection
	GlobalSection(ExtensibilityGlobals) = postSolution
		SolutionGuid = {8A908FA1-1F41-475D-BB4E-9B5C461B114E}
	EndGlobalSection
EndGlobal
